
Microsoft Visual Studio Solution File, Format Version 12.00
# Visual Studio 2012
Project("{FAE04EC0-301F-11D3-BF4B-00C04F79EFBC}") = "LolAppearOffline", "LolAppearOffline\LolAppearOffline.csproj", "{8470A57C-05CD-461C-ADF8-8EFA8FCFCC9D}"
EndProject
Project("{2150E333-8FDC-42A3-9474-1A3956D46DE8}") = "Solution Items", "Solution Items", "{45EE0CFF-94E8-4497-89F5-375F9F0EBCAC}"
EndProject
Global
	GlobalSection(SolutionConfigurationPlatforms) = preSolution
		Debug|Any CPU = Debug|Any CPU
		Release|Any CPU = Release|Any CPU
	EndGlobalSection
	GlobalSection(ProjectConfigurationPlatforms) = postSolution
		{8470A57C-05CD-461C-ADF8-8EFA8FCFCC9D}.Debug|Any CPU.ActiveCfg = Debug|Any CPU
		{8470A57C-05CD-461C-ADF8-8EFA8FCFCC9D}.Debug|Any CPU.Build.0 = Debug|Any CPU
		{8470A57C-05CD-461C-ADF8-8EFA8FCFCC9D}.Release|Any CPU.ActiveCfg = Release|Any CPU
		{8470A57C-05CD-461C-ADF8-8EFA8FCFCC9D}.Release|Any CPU.Build.0 = Release|Any CPU
	EndGlobalSection
	GlobalSection(SolutionProperties) = preSolution
		HideSolutionNode = FALSE
	EndGlobalSection
EndGlobal
